// !$*UTF8*$!
{
	archiveVersion = 1;
	classes = {
	};
	objectVersion = 56;
	objects = {

/* Begin PBXBuildFile section */
		3180AB1929FCA3000068BB10 /* A2App.swift in Sources */ = {isa = PBXBuildFile; fileRef = 3180AB1829FCA3000068BB10 /* A2App.swift */; };
		3180AB1B29FCA3000068BB10 /* ContentView.swift in Sources */ = {isa = PBXBuildFile; fileRef = 3180AB1A29FCA3000068BB10 /* ContentView.swift */; };
		3180AB1D29FCA3030068BB10 /* Assets.xcassets in Resources */ = {isa = PBXBuildFile; fileRef = 3180AB1C29FCA3030068BB10 /* Assets.xcassets */; };
		3180AB2029FCA3030068BB10 /* Preview Assets.xcassets in Resources */ = {isa = PBXBuildFile; fileRef = 3180AB1F29FCA3030068BB10 /* Preview Assets.xcassets */; };
		3180AB2A29FCA3030068BB10 /* A2Tests.swift in Sources */ = {isa = PBXBuildFile; fileRef = 3180AB2929FCA3030068BB10 /* A2Tests.swift */; };
		3180AB3429FCA3030068BB10 /* A2UITests.swift in Sources */ = {isa = PBXBuildFile; fileRef = 3180AB3329FCA3030068BB10 /* A2UITests.swift */; };
		3180AB3629FCA3030068BB10 /* A2UITestsLaunchTests.swift in Sources */ = {isa = PBXBuildFile; fileRef = 3180AB3529FCA3030068BB10 /* A2UITestsLaunchTests.swift */; };
		3190FE2229FCD28D0053131F /* DetailView.swift in Sources */ = {isa = PBXBuildFile; fileRef = 3190FE2129FCD28D0053131F /* DetailView.swift */; };
		3190FE2429FCD29B0053131F /* RowView.swift in Sources */ = {isa = PBXBuildFile; fileRef = 3190FE2329FCD29B0053131F /* RowView.swift */; };
		3190FE2629FCD5910053131F /* Persistence.swift in Sources */ = {isa = PBXBuildFile; fileRef = 3190FE2529FCD5910053131F /* Persistence.swift */; };
		3190FE2A29FCD6450053131F /* ViewModel.swift in Sources */ = {isa = PBXBuildFile; fileRef = 3190FE2929FCD6450053131F /* ViewModel.swift */; };
		3190FE2D29FCD7520053131F /* Model.xcdatamodeld in Sources */ = {isa = PBXBuildFile; fileRef = 3190FE2B29FCD7520053131F /* Model.xcdatamodeld */; };
		3190FE3529FDFB2E0053131F /* PlaceListView.swift in Sources */ = {isa = PBXBuildFile; fileRef = 3190FE3429FDFB2E0053131F /* PlaceListView.swift */; };
/* End PBXBuildFile section */

/* Begin PBXContainerItemProxy section */
		3180AB2629FCA3030068BB10 /* PBXContainerItemProxy */ = {
			isa = PBXContainerItemProxy;
			containerPortal = 3180AB0D29FCA3000068BB10 /* Project object */;
			proxyType = 1;
			remoteGlobalIDString = 3180AB1429FCA3000068BB10;
			remoteInfo = A2;
		};
		3180AB3029FCA3030068BB10 /* PBXContainerItemProxy */ = {
			isa = PBXContainerItemProxy;
			containerPortal = 3180AB0D29FCA3000068BB10 /* Project object */;
			proxyType = 1;
			remoteGlobalIDString = 3180AB1429FCA3000068BB10;
			remoteInfo = A2;
		};
/* End PBXContainerItemProxy section */

/* Begin PBXFileReference section */
		3180AB1529FCA3000068BB10 /* A2.app */ = {isa = PBXFileReference; explicitFileType = wrapper.application; includeInIndex = 0; path = A2.app; sourceTree = BUILT_PRODUCTS_DIR; };
		3180AB1829FCA3000068BB10 /* A2App.swift */ = {isa = PBXFileReference; lastKnownFileType = sourcecode.swift; path = A2App.swift; sourceTree = "<group>"; };
		3180AB1A29FCA3000068BB10 /* ContentView.swift */ = {isa = PBXFileReference; lastKnownFileType = sourcecode.swift; path = ContentView.swift; sourceTree = "<group>"; };
		3180AB1C29FCA3030068BB10 /* Assets.xcassets */ = {isa = PBXFileReference; lastKnownFileType = folder.assetcatalog; path = Assets.xcassets; sourceTree = "<group>"; };
		3180AB1F29FCA3030068BB10 /* Preview Assets.xcassets */ = {isa = PBXFileReference; lastKnownFileType = folder.assetcatalog; path = "Preview Assets.xcassets"; sourceTree = "<group>"; };
		3180AB2529FCA3030068BB10 /* A2Tests.xctest */ = {isa = PBXFileReference; explicitFileType = wrapper.cfbundle; includeInIndex = 0; path = A2Tests.xctest; sourceTree = BUILT_PRODUCTS_DIR; };
		3180AB2929FCA3030068BB10 /* A2Tests.swift */ = {isa = PBXFileReference; lastKnownFileType = sourcecode.swift; path = A2Tests.swift; sourceTree = "<group>"; };
		3180AB2F29FCA3030068BB10 /* A2UITests.xctest */ = {isa = PBXFileReference; explicitFileType = wrapper.cfbundle; includeInIndex = 0; path = A2UITests.xctest; sourceTree = BUILT_PRODUCTS_DIR; };
		3180AB3329FCA3030068BB10 /* A2UITests.swift */ = {isa = PBXFileReference; lastKnownFileType = sourcecode.swift; path = A2UITests.swift; sourceTree = "<group>"; };
		3180AB3529FCA3030068BB10 /* A2UITestsLaunchTests.swift */ = {isa = PBXFileReference; lastKnownFileType = sourcecode.swift; path = A2UITestsLaunchTests.swift; sourceTree = "<group>"; };
		3190FE2129FCD28D0053131F /* DetailView.swift */ = {isa = PBXFileReference; lastKnownFileType = sourcecode.swift; path = DetailView.swift; sourceTree = "<group>"; };
		3190FE2329FCD29B0053131F /* RowView.swift */ = {isa = PBXFileReference; lastKnownFileType = sourcecode.swift; path = RowView.swift; sourceTree = "<group>"; };
		3190FE2529FCD5910053131F /* Persistence.swift */ = {isa = PBXFileReference; fileEncoding = 4; lastKnownFileType = sourcecode.swift; path = Persistence.swift; sourceTree = "<group>"; };
		3190FE2929FCD6450053131F /* ViewModel.swift */ = {isa = PBXFileReference; lastKnownFileType = sourcecode.swift; path = ViewModel.swift; sourceTree = "<group>"; };
		3190FE2C29FCD7520053131F /* Model.xcdatamodel */ = {isa = PBXFileReference; lastKnownFileType = wrapper.xcdatamodel; path = Model.xcdatamodel; sourceTree = "<group>"; };
		3190FE3429FDFB2E0053131F /* PlaceListView.swift */ = {isa = PBXFileReference; lastKnownFileType = sourcecode.swift; path = PlaceListView.swift; sourceTree = "<group>"; };
/* End PBXFileReference section */

/* Begin PBXFrameworksBuildPhase section */
		3180AB1229FCA3000068BB10 /* Frameworks */ = {
			isa = PBXFrameworksBuildPhase;
			buildActionMask = 2147483647;
			files = (
			);
			runOnlyForDeploymentPostprocessing = 0;
		};
		3180AB2229FCA3030068BB10 /* Frameworks */ = {
			isa = PBXFrameworksBuildPhase;
			buildActionMask = 2147483647;
			files = (
			);
			runOnlyForDeploymentPostprocessing = 0;
		};
		3180AB2C29FCA3030068BB10 /* Frameworks */ = {
			isa = PBXFrameworksBuildPhase;
			buildActionMask = 2147483647;
			files = (
			);
			runOnlyForDeploymentPostprocessing = 0;
		};
/* End PBXFrameworksBuildPhase section */

/* Begin PBXGroup section */
		3180AB0C29FCA3000068BB10 = {
			isa = PBXGroup;
			children = (
				3180AB1729FCA3000068BB10 /* A2 */,
				3180AB2829FCA3030068BB10 /* A2Tests */,
				3180AB3229FCA3030068BB10 /* A2UITests */,
				3180AB1629FCA3000068BB10 /* Products */,
			);
			sourceTree = "<group>";
		};
		3180AB1629FCA3000068BB10 /* Products */ = {
			isa = PBXGroup;
			children = (
				3180AB1529FCA3000068BB10 /* A2.app */,
				3180AB2529FCA3030068BB10 /* A2Tests.xctest */,
				3180AB2F29FCA3030068BB10 /* A2UITests.xctest */,
			);
			name = Products;
			sourceTree = "<group>";
		};
		3180AB1729FCA3000068BB10 /* A2 */ = {
			isa = PBXGroup;
			children = (
				3180AB1829FCA3000068BB10 /* A2App.swift */,
				3190FE2529FCD5910053131F /* Persistence.swift */,
				3190FE2B29FCD7520053131F /* Model.xcdatamodeld */,
				3180AB1A29FCA3000068BB10 /* ContentView.swift */,
				3190FE2129FCD28D0053131F /* DetailView.swift */,
				3190FE3429FDFB2E0053131F /* PlaceListView.swift */,
				3190FE2329FCD29B0053131F /* RowView.swift */,
				3190FE2929FCD6450053131F /* ViewModel.swift */,
				3180AB1C29FCA3030068BB10 /* Assets.xcassets */,
				3180AB1E29FCA3030068BB10 /* Preview Content */,
			);
			path = A2;
			sourceTree = "<group>";
		};
		3180AB1E29FCA3030068BB10 /* Preview Content */ = {
			isa = PBXGroup;
			children = (
				3180AB1F29FCA3030068BB10 /* Preview Assets.xcassets */,
			);
			path = "Preview Content";
			sourceTree = "<group>";
		};
		3180AB2829FCA3030068BB10 /* A2Tests */ = {
			isa = PBXGroup;
			children = (
				3180AB2929FCA3030068BB10 /* A2Tests.swift */,
			);
			path = A2Tests;
			sourceTree = "<group>";
		};
		3180AB3229FCA3030068BB10 /* A2UITests */ = {
			isa = PBXGroup;
			children = (
				3180AB3329FCA3030068BB10 /* A2UITests.swift */,
				3180AB3529FCA3030068BB10 /* A2UITestsLaunchTests.swift */,
			);
			path = A2UITests;
			sourceTree = "<group>";
		};
/* End PBXGroup section */

/* Begin PBXNativeTarget section */
		3180AB1429FCA3000068BB10 /* A2 */ = {
			isa = PBXNativeTarget;
			buildConfigurationList = 3180AB3929FCA3030068BB10 /* Build configuration list for PBXNativeTarget "A2" */;
			buildPhases = (
				3180AB1129FCA3000068BB10 /* Sources */,
				3180AB1229FCA3000068BB10 /* Frameworks */,
				3180AB1329FCA3000068BB10 /* Resources */,
			);
			buildRules = (
			);
			dependencies = (
			);
			name = A2;
			productName = A2;
			productReference = 3180AB1529FCA3000068BB10 /* A2.app */;
			productType = "com.apple.product-type.application";
		};
		3180AB2429FCA3030068BB10 /* A2Tests */ = {
			isa = PBXNativeTarget;
			buildConfigurationList = 3180AB3C29FCA3030068BB10 /* Build configuration list for PBXNativeTarget "A2Tests" */;
			buildPhases = (
				3180AB2129FCA3030068BB10 /* Sources */,
				3180AB2229FCA3030068BB10 /* Frameworks */,
				3180AB2329FCA3030068BB10 /* Resources */,
			);
			buildRules = (
			);
			dependencies = (
				3180AB2729FCA3030068BB10 /* PBXTargetDependency */,
			);
			name = A2Tests;
			productName = A2Tests;
			productReference = 3180AB2529FCA3030068BB10 /* A2Tests.xctest */;
			productType = "com.apple.product-type.bundle.unit-test";
		};
		3180AB2E29FCA3030068BB10 /* A2UITests */ = {
			isa = PBXNativeTarget;
			buildConfigurationList = 3180AB3F29FCA3030068BB10 /* Build configuration list for PBXNativeTarget "A2UITests" */;
			buildPhases = (
				3180AB2B29FCA3030068BB10 /* Sources */,
				3180AB2C29FCA3030068BB10 /* Frameworks */,
				3180AB2D29FCA3030068BB10 /* Resources */,
			);
			buildRules = (
			);
			dependencies = (
				3180AB3129FCA3030068BB10 /* PBXTargetDependency */,
			);
			name = A2UITests;
			productName = A2UITests;
			productReference = 3180AB2F29FCA3030068BB10 /* A2UITests.xctest */;
			productType = "com.apple.product-type.bundle.ui-testing";
		};
/* End PBXNativeTarget section */

/* Begin PBXProject section */
		3180AB0D29FCA3000068BB10 /* Project object */ = {
			isa = PBXProject;
			attributes = {
				BuildIndependentTargetsInParallel = 1;
				LastSwiftUpdateCheck = 1420;
				LastUpgradeCheck = 1420;
				TargetAttributes = {
					3180AB1429FCA3000068BB10 = {
						CreatedOnToolsVersion = 14.2;
					};
					3180AB2429FCA3030068BB10 = {
						CreatedOnToolsVersion = 14.2;
						TestTargetID = 3180AB1429FCA3000068BB10;
					};
					3180AB2E29FCA3030068BB10 = {
						CreatedOnToolsVersion = 14.2;
						TestTargetID = 3180AB1429FCA3000068BB10;
					};
				};
			};
			buildConfigurationList = 3180AB1029FCA3000068BB10 /* Build configuration list for PBXProject "A2" */;
			compatibilityVersion = "Xcode 14.0";
			developmentRegion = en;
			hasScannedForEncodings = 0;
			knownRegions = (
				en,
				Base,
			);
			mainGroup = 3180AB0C29FCA3000068BB10;
			productRefGroup = 3180AB1629FCA3000068BB10 /* Products */;
			projectDirPath = "";
			projectRoot = "";
			targets = (
				3180AB1429FCA3000068BB10 /* A2 */,
				3180AB2429FCA3030068BB10 /* A2Tests */,
				3180AB2E29FCA3030068BB10 /* A2UITests */,
			);
		};
/* End PBXProject section */

/* Begin PBXResourcesBuildPhase section */
		3180AB1329FCA3000068BB10 /* Resources */ = {
			isa = PBXResourcesBuildPhase;
			buildActionMask = 2147483647;
			files = (
				3180AB2029FCA3030068BB10 /* Preview Assets.xcassets in Resources */,
				3180AB1D29FCA3030068BB10 /* Assets.xcassets in Resources */,
			);
			runOnlyForDeploymentPostprocessing = 0;
		};
		3180AB2329FCA3030068BB10 /* Resources */ = {
			isa = PBXResourcesBuildPhase;
			buildActionMask = 2147483647;
			files = (
			);
			runOnlyForDeploymentPostprocessing = 0;
		};
		3180AB2D29FCA3030068BB10 /* Resources */ = {
			isa = PBXResourcesBuildPhase;
			buildActionMask = 2147483647;
			files = (
			);
			runOnlyForDeploymentPostprocessing = 0;
		};
/* End PBXResourcesBuildPhase section */

/* Begin PBXSourcesBuildPhase section */
		3180AB1129FCA3000068BB10 /* Sources */ = {
			isa = PBXSourcesBuildPhase;
			buildActionMask = 2147483647;
			files = (
				3180AB1B29FCA3000068BB10 /* ContentView.swift in Sources */,
				3190FE2229FCD28D0053131F /* DetailView.swift in Sources */,
				3190FE3529FDFB2E0053131F /* PlaceListView.swift in Sources */,
				3190FE2429FCD29B0053131F /* RowView.swift in Sources */,
				3180AB1929FCA3000068BB10 /* A2App.swift in Sources */,
				3190FE2629FCD5910053131F /* Persistence.swift in Sources */,
				3190FE2A29FCD6450053131F /* ViewModel.swift in Sources */,
				3190FE2D29FCD7520053131F /* Model.xcdatamodeld in Sources */,
			);
			runOnlyForDeploymentPostprocessing = 0;
		};
		3180AB2129FCA3030068BB10 /* Sources */ = {
			isa = PBXSourcesBuildPhase;
			buildActionMask = 2147483647;
			files = (
				3180AB2A29FCA3030068BB10 /* A2Tests.swift in Sources */,
			);
			runOnlyForDeploymentPostprocessing = 0;
		};
		3180AB2B29FCA3030068BB10 /* Sources */ = {
			isa = PBXSourcesBuildPhase;
			buildActionMask = 2147483647;
			files = (
				3180AB3429FCA3030068BB10 /* A2UITests.swift in Sources */,
				3180AB3629FCA3030068BB10 /* A2UITestsLaunchTests.swift in Sources */,
			);
			runOnlyForDeploymentPostprocessing = 0;
		};
/* End PBXSourcesBuildPhase section */

/* Begin PBXTargetDependency section */
		3180AB2729FCA3030068BB10 /* PBXTargetDependency */ = {
			isa = PBXTargetDependency;
			target = 3180AB1429FCA3000068BB10 /* A2 */;
			targetProxy = 3180AB2629FCA3030068BB10 /* PBXContainerItemProxy */;
		};
		3180AB3129FCA3030068BB10 /* PBXTargetDependency */ = {
			isa = PBXTargetDependency;
			target = 3180AB1429FCA3000068BB10 /* A2 */;
			targetProxy = 3180AB3029FCA3030068BB10 /* PBXContainerItemProxy */;
		};
/* End PBXTargetDependency section */

/* Begin XCBuildConfiguration section */
		3180AB3729FCA3030068BB10 /* Debug */ = {
			isa = XCBuildConfiguration;
			buildSettings = {
				ALWAYS_SEARCH_USER_PATHS = NO;
				CLANG_ANALYZER_NONNULL = YES;
				CLANG_ANALYZER_NUMBER_OBJECT_CONVERSION = YES_AGGRESSIVE;
				CLANG_CXX_LANGUAGE_STANDARD = "gnu++20";
				CLANG_ENABLE_MODULES = YES;
				CLANG_ENABLE_OBJC_ARC = YES;
				CLANG_ENABLE_OBJC_WEAK = YES;
				CLANG_WARN_BLOCK_CAPTURE_AUTORELEASING = YES;
				CLANG_WARN_BOOL_CONVERSION = YES;
				CLANG_WARN_COMMA = YES;
				CLANG_WARN_CONSTANT_CONVERSION = YES;
				CLANG_WARN_DEPRECATED_OBJC_IMPLEMENTATIONS = YES;
				CLANG_WARN_DIRECT_OBJC_ISA_USAGE = YES_ERROR;
				CLANG_WARN_DOCUMENTATION_COMMENTS = YES;
				CLANG_WARN_EMPTY_BODY = YES;
				CLANG_WARN_ENUM_CONVERSION = YES;
				CLANG_WARN_INFINITE_RECURSION = YES;
				CLANG_WARN_INT_CONVERSION = YES;
				CLANG_WARN_NON_LITERAL_NULL_CONVERSION = YES;
				CLANG_WARN_OBJC_IMPLICIT_RETAIN_SELF = YES;
				CLANG_WARN_OBJC_LITERAL_CONVERSION = YES;
				CLANG_WARN_OBJC_ROOT_CLASS = YES_ERROR;
				CLANG_WARN_QUOTED_INCLUDE_IN_FRAMEWORK_HEADER = YES;
				CLANG_WARN_RANGE_LOOP_ANALYSIS = YES;
				CLANG_WARN_STRICT_PROTOTYPES = YES;
				CLANG_WARN_SUSPICIOUS_MOVE = YES;
				CLANG_WARN_UNGUARDED_AVAILABILITY = YES_AGGRESSIVE;
				CLANG_WARN_UNREACHABLE_CODE = YES;
				CLANG_WARN__DUPLICATE_METHOD_MATCH = YES;
				COPY_PHASE_STRIP = NO;
				DEBUG_INFORMATION_FORMAT = dwarf;
				ENABLE_STRICT_OBJC_MSGSEND = YES;
				ENABLE_TESTABILITY = YES;
				GCC_C_LANGUAGE_STANDARD = gnu11;
				GCC_DYNAMIC_NO_PIC = NO;
				GCC_NO_COMMON_BLOCKS = YES;
				GCC_OPTIMIZATION_LEVEL = 0;
				GCC_PREPROCESSOR_DEFINITIONS = (
					"DEBUG=1",
					"$(inherited)",
				);
				GCC_WARN_64_TO_32_BIT_CONVERSION = YES;
				GCC_WARN_ABOUT_RETURN_TYPE = YES_ERROR;
				GCC_WARN_UNDECLARED_SELECTOR = YES;
				GCC_WARN_UNINITIALIZED_AUTOS = YES_AGGRESSIVE;
				GCC_WARN_UNUSED_FUNCTION = YES;
				GCC_WARN_UNUSED_VARIABLE = YES;
				IPHONEOS_DEPLOYMENT_TARGET = 16.2;
				MTL_ENABLE_DEBUG_INFO = INCLUDE_SOURCE;
				MTL_FAST_MATH = YES;
				ONLY_ACTIVE_ARCH = YES;
				SDKROOT = iphoneos;
				SWIFT_ACTIVE_COMPILATION_CONDITIONS = DEBUG;
				SWIFT_OPTIMIZATION_LEVEL = "-Onone";
			};
			name = Debug;
		};
		3180AB3829FCA3030068BB10 /* Release */ = {
			isa = XCBuildConfiguration;
			buildSettings = {
				ALWAYS_SEARCH_USER_PATHS = NO;
				CLANG_ANALYZER_NONNULL = YES;
				CLANG_ANALYZER_NUMBER_OBJECT_CONVERSION = YES_AGGRESSIVE;
				CLANG_CXX_LANGUAGE_STANDARD = "gnu++20";
				CLANG_ENABLE_MODULES = YES;
				CLANG_ENABLE_OBJC_ARC = YES;
				CLANG_ENABLE_OBJC_WEAK = YES;
				CLANG_WARN_BLOCK_CAPTURE_AUTORELEASING = YES;
				CLANG_WARN_BOOL_CONVERSION = YES;
				CLANG_WARN_COMMA = YES;
				CLANG_WARN_CONSTANT_CONVERSION = YES;
				CLANG_WARN_DEPRECATED_OBJC_IMPLEMENTATIONS = YES;
				CLANG_WARN_DIRECT_OBJC_ISA_USAGE = YES_ERROR;
				CLANG_WARN_DOCUMENTATION_COMMENTS = YES;
				CLANG_WARN_EMPTY_BODY = YES;
				CLANG_WARN_ENUM_CONVERSION = YES;
				CLANG_WARN_INFINITE_RECURSION = YES;
				CLANG_WARN_INT_CONVERSION = YES;
				CLANG_WARN_NON_LITERAL_NULL_CONVERSION = YES;
				CLANG_WARN_OBJC_IMPLICIT_RETAIN_SELF = YES;
				CLANG_WARN_OBJC_LITERAL_CONVERSION = YES;
				CLANG_WARN_OBJC_ROOT_CLASS = YES_ERROR;
				CLANG_WARN_QUOTED_INCLUDE_IN_FRAMEWORK_HEADER = YES;
				CLANG_WARN_RANGE_LOOP_ANALYSIS = YES;
				CLANG_WARN_STRICT_PROTOTYPES = YES;
				CLANG_WARN_SUSPICIOUS_MOVE = YES;
				CLANG_WARN_UNGUARDED_AVAILABILITY = YES_AGGRESSIVE;
				CLANG_WARN_UNREACHABLE_CODE = YES;
				CLANG_WARN__DUPLICATE_METHOD_MATCH = YES;
				COPY_PHASE_STRIP = NO;
				DEBUG_INFORMATION_FORMAT = "dwarf-with-dsym";
				ENABLE_NS_ASSERTIONS = NO;
				ENABLE_STRICT_OBJC_MSGSEND = YES;
				GCC_C_LANGUAGE_STANDARD = gnu11;
				GCC_NO_COMMON_BLOCKS = YES;
				GCC_WARN_64_TO_32_BIT_CONVERSION = YES;
				GCC_WARN_ABOUT_RETURN_TYPE = YES_ERROR;
				GCC_WARN_UNDECLARED_SELECTOR = YES;
				GCC_WARN_UNINITIALIZED_AUTOS = YES_AGGRESSIVE;
				GCC_WARN_UNUSED_FUNCTION = YES;
				GCC_WARN_UNUSED_VARIABLE = YES;
				IPHONEOS_DEPLOYMENT_TARGET = 16.2;
				MTL_ENABLE_DEBUG_INFO = NO;
				MTL_FAST_MATH = YES;
				SDKROOT = iphoneos;
				SWIFT_COMPILATION_MODE = wholemodule;
				SWIFT_OPTIMIZATION_LEVEL = "-O";
				VALIDATE_PRODUCT = YES;
			};
			name = Release;
		};
		3180AB3A29FCA3030068BB10 /* Debug */ = {
			isa = XCBuildConfiguration;
			buildSettings = {
				ASSETCATALOG_COMPILER_APPICON_NAME = AppIcon;
				ASSETCATALOG_COMPILER_GLOBAL_ACCENT_COLOR_NAME = AccentColor;
				CODE_SIGN_STYLE = Automatic;
				CURRENT_PROJECT_VERSION = 1;
				DEVELOPMENT_ASSET_PATHS = "\"A2/Preview Content\"";
				DEVELOPMENT_TEAM = YN4M4C7LS6;
				ENABLE_PREVIEWS = YES;
				GENERATE_INFOPLIST_FILE = YES;
				INFOPLIST_KEY_UIApplicationSceneManifest_Generation = YES;
				INFOPLIST_KEY_UIApplicationSupportsIndirectInputEvents = YES;
				INFOPLIST_KEY_UILaunchScreen_Generation = YES;
				INFOPLIST_KEY_UISupportedInterfaceOrientations_iPad = "UIInterfaceOrientationPortrait UIInterfaceOrientationPortraitUpsideDown UIInterfaceOrientationLandscapeLeft UIInterfaceOrientationLandscapeRight";
				INFOPLIST_KEY_UISupportedInterfaceOrientations_iPhone = "UIInterfaceOrientationPortrait UIInterfaceOrientationLandscapeLeft UIInterfaceOrientationLandscapeRight";
				LD_RUNPATH_SEARCH_PATHS = (
					"$(inherited)",
					"@executable_path/Frameworks",
				);
				MARKETING_VERSION = 1.0;
				PRODUCT_BUNDLE_IDENTIFIER = "Isaac-Pollack.A2";
				PRODUCT_NAME = "$(TARGET_NAME)";
				SWIFT_EMIT_LOC_STRINGS = YES;
				SWIFT_VERSION = 5.0;
				TARGETED_DEVICE_FAMILY = "1,2";
			};
			name = Debug;
		};
		3180AB3B29FCA3030068BB10 /* Release */ = {
			isa = XCBuildConfiguration;
			buildSettings = {
				ASSETCATALOG_COMPILER_APPICON_NAME = AppIcon;
				ASSETCATALOG_COMPILER_GLOBAL_ACCENT_COLOR_NAME = AccentColor;
				CODE_SIGN_STYLE = Automatic;
				CURRENT_PROJECT_VERSION = 1;
				DEVELOPMENT_ASSET_PATHS = "\"A2/Preview Content\"";
				DEVELOPMENT_TEAM = YN4M4C7LS6;
				ENABLE_PREVIEWS = YES;
				GENERATE_INFOPLIST_FILE = YES;
				INFOPLIST_KEY_UIApplicationSceneManifest_Generation = YES;
				INFOPLIST_KEY_UIApplicationSupportsIndirectInputEvents = YES;
				INFOPLIST_KEY_UILaunchScreen_Generation = YES;
				INFOPLIST_KEY_UISupportedInterfaceOrientations_iPad = "UIInterfaceOrientationPortrait UIInterfaceOrientationPortraitUpsideDown UIInterfaceOrientationLandscapeLeft UIInterfaceOrientationLandscapeRight";
				INFOPLIST_KEY_UISupportedInterfaceOrientations_iPhone = "UIInterfaceOrientationPortrait UIInterfaceOrientationLandscapeLeft UIInterfaceOrientationLandscapeRight";
				LD_RUNPATH_SEARCH_PATHS = (
					"$(inherited)",
					"@executable_path/Frameworks",
				);
				MARKETING_VERSION = 1.0;
				PRODUCT_BUNDLE_IDENTIFIER = "Isaac-Pollack.A2";
				PRODUCT_NAME = "$(TARGET_NAME)";
				SWIFT_EMIT_LOC_STRINGS = YES;
				SWIFT_VERSION = 5.0;
				TARGETED_DEVICE_FAMILY = "1,2";
			};
			name = Release;
		};
		3180AB3D29FCA3030068BB10 /* Debug */ = {
			isa = XCBuildConfiguration;
			buildSettings = {
				ALWAYS_EMBED_SWIFT_STANDARD_LIBRARIES = YES;
				BUNDLE_LOADER = "$(TEST_HOST)";
				CODE_SIGN_STYLE = Automatic;
				CURRENT_PROJECT_VERSION = 1;
				DEVELOPMENT_TEAM = YN4M4C7LS6;
				GENERATE_INFOPLIST_FILE = YES;
				IPHONEOS_DEPLOYMENT_TARGET = 16.2;
				MARKETING_VERSION = 1.0;
				PRODUCT_BUNDLE_IDENTIFIER = "Isaac-Pollack.A2Tests";
				PRODUCT_NAME = "$(TARGET_NAME)";
				SWIFT_EMIT_LOC_STRINGS = NO;
				SWIFT_VERSION = 5.0;
				TARGETED_DEVICE_FAMILY = "1,2";
				TEST_HOST = "$(BUILT_PRODUCTS_DIR)/A2.app/$(BUNDLE_EXECUTABLE_FOLDER_PATH)/A2";
			};
			name = Debug;
		};
		3180AB3E29FCA3030068BB10 /* Release */ = {
			isa = XCBuildConfiguration;
			buildSettings = {
				ALWAYS_EMBED_SWIFT_STANDARD_LIBRARIES = YES;
				BUNDLE_LOADER = "$(TEST_HOST)";
				CODE_SIGN_STYLE = Automatic;
				CURRENT_PROJECT_VERSION = 1;
				DEVELOPMENT_TEAM = YN4M4C7LS6;
				GENERATE_INFOPLIST_FILE = YES;
				IPHONEOS_DEPLOYMENT_TARGET = 16.2;
				MARKETING_VERSION = 1.0;
				PRODUCT_BUNDLE_IDENTIFIER = "Isaac-Pollack.A2Tests";
				PRODUCT_NAME = "$(TARGET_NAME)";
				SWIFT_EMIT_LOC_STRINGS = NO;
				SWIFT_VERSION = 5.0;
				TARGETED_DEVICE_FAMILY = "1,2";
				TEST_HOST = "$(BUILT_PRODUCTS_DIR)/A2.app/$(BUNDLE_EXECUTABLE_FOLDER_PATH)/A2";
			};
			name = Release;
		};
		3180AB4029FCA3030068BB10 /* Debug */ = {
			isa = XCBuildConfiguration;
			buildSettings = {
				ALWAYS_EMBED_SWIFT_STANDARD_LIBRARIES = YES;
				CODE_SIGN_STYLE = Automatic;
				CURRENT_PROJECT_VERSION = 1;
				DEVELOPMENT_TEAM = YN4M4C7LS6;
				GENERATE_INFOPLIST_FILE = YES;
				MARKETING_VERSION = 1.0;
				PRODUCT_BUNDLE_IDENTIFIER = "Isaac-Pollack.A2UITests";
				PRODUCT_NAME = "$(TARGET_NAME)";
				SWIFT_EMIT_LOC_STRINGS = NO;
				SWIFT_VERSION = 5.0;
				TARGETED_DEVICE_FAMILY = "1,2";
				TEST_TARGET_NAME = A2;
			};
			name = Debug;
		};
		3180AB4129FCA3030068BB10 /* Release */ = {
			isa = XCBuildConfiguration;
			buildSettings = {
				ALWAYS_EMBED_SWIFT_STANDARD_LIBRARIES = YES;
				CODE_SIGN_STYLE = Automatic;
				CURRENT_PROJECT_VERSION = 1;
				DEVELOPMENT_TEAM = YN4M4C7LS6;
				GENERATE_INFOPLIST_FILE = YES;
				MARKETING_VERSION = 1.0;
				PRODUCT_BUNDLE_IDENTIFIER = "Isaac-Pollack.A2UITests";
				PRODUCT_NAME = "$(TARGET_NAME)";
				SWIFT_EMIT_LOC_STRINGS = NO;
				SWIFT_VERSION = 5.0;
				TARGETED_DEVICE_FAMILY = "1,2";
				TEST_TARGET_NAME = A2;
			};
			name = Release;
		};
/* End XCBuildConfiguration section */

/* Begin XCConfigurationList section */
		3180AB1029FCA3000068BB10 /* Build configuration list for PBXProject "A2" */ = {
			isa = XCConfigurationList;
			buildConfigurations = (
				3180AB3729FCA3030068BB10 /* Debug */,
				3180AB3829FCA3030068BB10 /* Release */,
			);
			defaultConfigurationIsVisible = 0;
			defaultConfigurationName = Release;
		};
		3180AB3929FCA3030068BB10 /* Build configuration list for PBXNativeTarget "A2" */ = {
			isa = XCConfigurationList;
			buildConfigurations = (
				3180AB3A29FCA3030068BB10 /* Debug */,
				3180AB3B29FCA3030068BB10 /* Release */,
			);
			defaultConfigurationIsVisible = 0;
			defaultConfigurationName = Release;
		};
		3180AB3C29FCA3030068BB10 /* Build configuration list for PBXNativeTarget "A2Tests" */ = {
			isa = XCConfigurationList;
			buildConfigurations = (
				3180AB3D29FCA3030068BB10 /* Debug */,
				3180AB3E29FCA3030068BB10 /* Release */,
			);
			defaultConfigurationIsVisible = 0;
			defaultConfigurationName = Release;
		};
		3180AB3F29FCA3030068BB10 /* Build configuration list for PBXNativeTarget "A2UITests" */ = {
			isa = XCConfigurationList;
			buildConfigurations = (
				3180AB4029FCA3030068BB10 /* Debug */,
				3180AB4129FCA3030068BB10 /* Release */,
			);
			defaultConfigurationIsVisible = 0;
			defaultConfigurationName = Release;
		};
/* End XCConfigurationList section */

/* Begin XCVersionGroup section */
		3190FE2B29FCD7520053131F /* Model.xcdatamodeld */ = {
			isa = XCVersionGroup;
			children = (
				3190FE2C29FCD7520053131F /* Model.xcdatamodel */,
			);
			currentVersion = 3190FE2C29FCD7520053131F /* Model.xcdatamodel */;
			path = Model.xcdatamodeld;
			sourceTree = "<group>";
			versionGroupType = wrapper.xcdatamodel;
		};
/* End XCVersionGroup section */
	};
	rootObject = 3180AB0D29FCA3000068BB10 /* Project object */;
}
